# THIS IS AN AUTOGENERATED FILE. DO NOT EDIT THIS FILE DIRECTLY.
# yarn lockfile v1


"@pixi/accessibility@7.2.4":
  version "7.2.4"
  resolved "https://registry.yarnpkg.com/@pixi/accessibility/-/accessibility-7.2.4.tgz#3198d0059c230c668b1179457346a3b5dcba6e64"
  integrity sha512-EVjuqUqv9FeYFXCv0S0qj1hgCtbAMNBPCbOGEtiMogpM++/IySxBZvcOYg3rRgo9inwt2s4Bi7kUiqMPD8hItw==

"@pixi/app@7.2.4":
  version "7.2.4"
  resolved "https://registry.yarnpkg.com/@pixi/app/-/app-7.2.4.tgz#ae16fdc9fce04224fb36311168d902a2e7d0e65a"
  integrity sha512-eJ2jpu5P28ip07nLItw6sETXn45P4KR/leMJ6zPHRlhT1m8t5zTsWr3jK4Uj8LF2E+6KlPNzLQh5Alf/unn/aQ==

"@pixi/assets@7.2.4":
  version "7.2.4"
  resolved "https://registry.yarnpkg.com/@pixi/assets/-/assets-7.2.4.tgz#944f4a15acc888071c0811d3d68524afb0ed069c"
  integrity sha512-7199re3wvMAlVqXLaCyAr8IkJSXqkeVAxcYyB2rBu4Id5m2hhlGX1dQsdMBiCXLwu6/LLVqDvJggSNVQBzL6ZQ==
  dependencies:
    "@types/css-font-loading-module" "^0.0.7"

"@pixi/color@7.2.4":
  version "7.2.4"
  resolved "https://registry.yarnpkg.com/@pixi/color/-/color-7.2.4.tgz#6d6d5dbc01ae2a4f1c8eb48e98fff89ac0c3e40d"
  integrity sha512-B/+9JRcXe2uE8wQfsueFRPZVayF2VEMRB7XGeRAsWCryOX19nmWhv0Nt3nOU2rvzI0niz9XgugJXsB6vVmDFSg==
  dependencies:
    colord "^2.9.3"

"@pixi/compressed-textures@7.2.4":
  version "7.2.4"
  resolved "https://registry.yarnpkg.com/@pixi/compressed-textures/-/compressed-textures-7.2.4.tgz#bbf84689a9f4f41d5a8e9476ea6520a4c19412ac"
  integrity sha512-atnWyw/ot/Wg69qhgskKiuTYCZx15IxV35sa0KyXMthyjyvDLCIvOn0nczM6wCBy9H96SjJbfgynVWhVrip6qw==

"@pixi/constants@7.2.4":
  version "7.2.4"
  resolved "https://registry.yarnpkg.com/@pixi/constants/-/constants-7.2.4.tgz#45c23b247309e78d4105f04063ad8b453dae8b2f"
  integrity sha512-hKuHBWR6N4Q0Sf5MGF3/9l+POg/G5rqhueHfzofiuelnKg7aBs3BVjjZ+6hZbd6M++vOUmxYelEX/NEFBxrheA==

"@pixi/core@7.2.4":
  version "7.2.4"
  resolved "https://registry.yarnpkg.com/@pixi/core/-/core-7.2.4.tgz#9f93a0744c795b17045127c2630f976580f03008"
  integrity sha512-0XtvrfxHlS2T+beBBSpo7GI8+QLyyTqMVQpNmPqB4woYxzrOEJ9JaUFBaBfCvycLeUkfVih1u6HAbtF+2d1EjQ==
  dependencies:
    "@pixi/color" "7.2.4"
    "@pixi/constants" "7.2.4"
    "@pixi/extensions" "7.2.4"
    "@pixi/math" "7.2.4"
    "@pixi/runner" "7.2.4"
    "@pixi/settings" "7.2.4"
    "@pixi/ticker" "7.2.4"
    "@pixi/utils" "7.2.4"
    "@types/offscreencanvas" "^2019.6.4"

"@pixi/display@7.2.4":
  version "7.2.4"
  resolved "https://registry.yarnpkg.com/@pixi/display/-/display-7.2.4.tgz#cbf46ba0c0c0d30064b9ce67190a0a6a3624c62f"
  integrity sha512-w5tqb8cWEO5qIDaO9GEqRvxYhL0iMk0Wsngw23bbLm1gLEQmrFkB2tpJlRAqd7H82C3DrDDeWvkrrxW6+m4apg==

"@pixi/events@7.2.4":
  version "7.2.4"
  resolved "https://registry.yarnpkg.com/@pixi/events/-/events-7.2.4.tgz#06434c9e84838b87d7626151ec556a66796ac206"
  integrity sha512-/JtmoB98fzIU8giN9xvlRvmvOi6u4MaD2DnKNOMHkQ1MBraj3pmrXM9fZ0JbNzi+324GraAAY76QidgHjIYoYQ==

"@pixi/extensions@7.2.4":
  version "7.2.4"
  resolved "https://registry.yarnpkg.com/@pixi/extensions/-/extensions-7.2.4.tgz#ab2940abce3935706e956d1bcf2dbf44aca440db"
  integrity sha512-Mnqv9scbL1ARD3QFKfOWs2aSVJJfP1dL8g5UiqGImYO3rZbz/9QCzXOeMVIZ5n3iaRyKMNhFFr84/zUja2H7Dw==

"@pixi/extract@7.2.4":
  version "7.2.4"
  resolved "https://registry.yarnpkg.com/@pixi/extract/-/extract-7.2.4.tgz#2db62611a3135ee8232affdb7b26cab37cb2a0a3"
  integrity sha512-wlXZg+J2L/1jQhRi5nZQP/cXshovhjksjss91eAKMvY5aGxNAQovCP4xotJ/XJjfTvPMpeRzHPFYzm3PrOPQ7g==

"@pixi/filter-alpha@7.2.4":
  version "7.2.4"
  resolved "https://registry.yarnpkg.com/@pixi/filter-alpha/-/filter-alpha-7.2.4.tgz#f33621fa4bdc95de09457780aa33eb253fe6447f"
  integrity sha512-UTUMSGyktUr+I9vmigqJo9iUhb0nwGyqTTME2xBWZvVGCnl5z+/wHxvIBBCe5pNZ66IM15pGXQ4cDcfqCuP2kA==

"@pixi/filter-blur@7.2.4":
  version "7.2.4"
  resolved "https://registry.yarnpkg.com/@pixi/filter-blur/-/filter-blur-7.2.4.tgz#834447f9d6edec7d27414c9961b9e6009acd678a"
  integrity sha512-aLyXIoxy14bTansCPtbY8x7Sdn2OrrqkF/pcKiRXHJGGhi7wPacvB/NcmYJdnI/n2ExQ6V5Njuj/nfrsejVwcA==

"@pixi/filter-color-matrix@7.2.4":
  version "7.2.4"
  resolved "https://registry.yarnpkg.com/@pixi/filter-color-matrix/-/filter-color-matrix-7.2.4.tgz#4c9e6e174b27635ce5e92f34d372366b901e250f"
  integrity sha512-DFtayybYXoUh73eHUFRK5REbi1t3FZuVUnaQTj+euHKF9L7EaYc3Q9wctpx1WPRcwkqEX50M4SNFhxpA7Pxtaw==

"@pixi/filter-displacement@7.2.4":
  version "7.2.4"
  resolved "https://registry.yarnpkg.com/@pixi/filter-displacement/-/filter-displacement-7.2.4.tgz#39da0592966079d7e194be46494b8055b5eebda2"
  integrity sha512-Simq3IBJKt7+Gvk4kK7OFkfoeYUMhNhIyATCdeT+Jkdkq5WV7pYnH5hqO0YW7eAHrgjV13yn6t4H/GC4+6LhEA==

"@pixi/filter-fxaa@7.2.4":
  version "7.2.4"
  resolved "https://registry.yarnpkg.com/@pixi/filter-fxaa/-/filter-fxaa-7.2.4.tgz#78fac5466ca1a249f343be1af90c79bae399bf92"
  integrity sha512-qzKjdL+Ih18uGTJLg8tT/H+YCsTeGkw2uF7lyKnw/lxGLJQhLWIhM95M9qSNgxbXyW1vp7SbG81a9aAEz2HAhA==

"@pixi/filter-noise@7.2.4":
  version "7.2.4"
  resolved "https://registry.yarnpkg.com/@pixi/filter-noise/-/filter-noise-7.2.4.tgz#0586a00381ec0e63f6c00d49cd58b781eaf07f37"
  integrity sha512-QAU9Ybj2ZQrWM9ZEjTTC0iLnQcuyNoZNRinxSbg1G0yacpmsSb9wvV5ltIZ66+hfY+90+u2Nudt/v9g6pvOdGg==

"@pixi/graphics@7.2.4":
  version "7.2.4"
  resolved "https://registry.yarnpkg.com/@pixi/graphics/-/graphics-7.2.4.tgz#8500b604c36184736926393cb0ca9b9de9afef86"
  integrity sha512-3A2EumTjWJgXlDLOyuBrl9b6v1Za/E+/IjOGUIX843HH4NYaf1a2sfDfljx6r3oiDvy+VhuBFmgynRcV5IyA0Q==

"@pixi/math@7.2.4":
  version "7.2.4"
  resolved "https://registry.yarnpkg.com/@pixi/math/-/math-7.2.4.tgz#219b64ca44348a1ee900ee074c51ee7e41615059"
  integrity sha512-LJB+mozyEPllxa0EssFZrKNfVwysfaBun4b2dJKQQInp0DafgbA0j7A+WVg0oe51KhFULTJMpDqbLn/ITFc41A==

"@pixi/mesh-extras@7.2.4":
  version "7.2.4"
  resolved "https://registry.yarnpkg.com/@pixi/mesh-extras/-/mesh-extras-7.2.4.tgz#e3c6721c1a8ff5852e76402276b2f495b7db702d"
  integrity sha512-Lxqq/1E2EmDgjZX8KzjhBy3VvITIQ00arr2ikyHYF1d0XtQTKEYpr8VKzhchqZ5/9DuyTDbDMYGhcxoNXQmZrQ==

"@pixi/mesh@7.2.4":
  version "7.2.4"
  resolved "https://registry.yarnpkg.com/@pixi/mesh/-/mesh-7.2.4.tgz#c78cc24f831a9e08d4ac0a1706e82f3498ba6907"
  integrity sha512-wiALIqcRKib2BqeH9kOA5fOKWN352nqAspgbDa8gA7OyWzmNwqIedIlElixd0oLFOrIN5jOZAdzeKnoYQlt9Aw==

"@pixi/mixin-cache-as-bitmap@7.2.4":
  version "7.2.4"
  resolved "https://registry.yarnpkg.com/@pixi/mixin-cache-as-bitmap/-/mixin-cache-as-bitmap-7.2.4.tgz#4fb69efc40b30b0a8c2c1ad1eee6ca3227eccaed"
  integrity sha512-95L/9nzfLHw6GoeqqRl/RjSloKvRt0xrc2inCmjMZvMsFUEtHN2F8IWd1k5vcv0S+83NCreFkJg6nJm1m5AZqg==

"@pixi/mixin-get-child-by-name@7.2.4":
  version "7.2.4"
  resolved "https://registry.yarnpkg.com/@pixi/mixin-get-child-by-name/-/mixin-get-child-by-name-7.2.4.tgz#863b14c774d3af7e2a38a68904c06bc51a2b51dd"
  integrity sha512-9g17KgSBEEhkinnKk4dqmxagzHOCPSTvGB6lOopBq4yyXmr/2WVv+QGjuzE0O+p80szQeBJjPBQxzrfBILaSRw==

"@pixi/mixin-get-global-position@7.2.4":
  version "7.2.4"
  resolved "https://registry.yarnpkg.com/@pixi/mixin-get-global-position/-/mixin-get-global-position-7.2.4.tgz#8c0b96a0bcd381db9486954aeeb6d06c5ea2e2c0"
  integrity sha512-UrAUF2BXCeWtFgR2m+er41Ky7zShT7r228cZkB6ZfYwMeThhwqG5mH68UeCyP6p68JMpT1gjI2DPfeSRY3ecnA==

"@pixi/particle-container@7.2.4":
  version "7.2.4"
  resolved "https://registry.yarnpkg.com/@pixi/particle-container/-/particle-container-7.2.4.tgz#8f277f65e73b061d0859c7e526f5161f9b090242"
  integrity sha512-tpSzilZGFtAoi8XhzL0TecLPNRQAbY8nWV9XNGXJDw+nxXp18GCe8L6eEmnHLlAug67BRHl65DtrdvTknPX+4g==

"@pixi/prepare@7.2.4":
  version "7.2.4"
  resolved "https://registry.yarnpkg.com/@pixi/prepare/-/prepare-7.2.4.tgz#fd470bbc7dd90c4a8111989c405ffb5521850ff9"
  integrity sha512-Yff5Sh4kTLdKc5VkkM44LW9gpj7Izw8ns3P1TzWxqeGjzPZ3folr/tQujGL+Qw+8A9VESp+hX9MSIHyw+jpyrg==

"@pixi/runner@7.2.4":
  version "7.2.4"
  resolved "https://registry.yarnpkg.com/@pixi/runner/-/runner-7.2.4.tgz#7356e768a43809ed6f8b3254e9bdd8c1a47af0e7"
  integrity sha512-YtyqPk1LA+0guEFKSFx6t/YSvbEQwajFwi4Ft8iDhioa6VK2MmTir1GjWwy7JQYLcDmYSAcQjnmFtVTZohyYSw==

"@pixi/settings@7.2.4":
  version "7.2.4"
  resolved "https://registry.yarnpkg.com/@pixi/settings/-/settings-7.2.4.tgz#bfd3107ad425f99316018ee441accdf7d55627e6"
  integrity sha512-ZPKRar9EwibijGmH8EViu4Greq1I/O7V/xQx2rNqN23XA7g09Qo6yfaeQpufu5xl8+/lZrjuHtQSnuY7OgG1CA==
  dependencies:
    "@pixi/constants" "7.2.4"
    "@types/css-font-loading-module" "^0.0.7"
    ismobilejs "^1.1.0"

"@pixi/sprite-animated@7.2.4":
  version "7.2.4"
  resolved "https://registry.yarnpkg.com/@pixi/sprite-animated/-/sprite-animated-7.2.4.tgz#46b95e52781dd7cf84ee315521c209e48c40656d"
  integrity sha512-9eRriPSC0QVS7U9zQlrG3uEI5+h3fi+mqofXy+yjk1sGCmXSIJME5p2wg2mzxoJk3qkSMagQA9QHtL26Fti8Iw==

"@pixi/sprite-tiling@7.2.4":
  version "7.2.4"
  resolved "https://registry.yarnpkg.com/@pixi/sprite-tiling/-/sprite-tiling-7.2.4.tgz#7bcbd6e0096512fe18934a7b3250c57be19b63e4"
  integrity sha512-nGfxQoACRx49dUN0oW1vFm3141M+7gkAbzoNJym2Pljd2dpLME9fb5E6Lyahu0yWMaPRhhGorn6z9VIGmTF3Jw==

"@pixi/sprite@7.2.4":
  version "7.2.4"
  resolved "https://registry.yarnpkg.com/@pixi/sprite/-/sprite-7.2.4.tgz#be7cd2d58d263131019545a83bb4df7340452ba1"
  integrity sha512-DhR1B+/d0eXpxHIesJMXcVPrKFwQ+zRA1LvEIFfzewqfaRN3X6PMIuoKX8SIb6tl+Hq8Ba9Pe28zI7d2rmRzrA==

"@pixi/spritesheet@7.2.4":
  version "7.2.4"
  resolved "https://registry.yarnpkg.com/@pixi/spritesheet/-/spritesheet-7.2.4.tgz#9214d0c75aa95639c1f528091ac4a4850f5b5b8e"
  integrity sha512-LNmlavyiMQeCF0U4S+yhzxUYmPmat6EpLjLnkGukQTZV5CZkxDCVgXM9uKoRF2DvNydj4yuwZ6+JjK8QssHI8Q==

"@pixi/text-bitmap@7.2.4":
  version "7.2.4"
  resolved "https://registry.yarnpkg.com/@pixi/text-bitmap/-/text-bitmap-7.2.4.tgz#444010da3898c35e2cdb01493bdc21706c9356a1"
  integrity sha512-3u2CP4VN+muCaq/jtj7gn0hb3DET/X2S04zTBcgc2WVGufJc62yz+UDzS9jC+ellotVdt9c8U74++vpz3zJGfw==

"@pixi/text-html@7.2.4":
  version "7.2.4"
  resolved "https://registry.yarnpkg.com/@pixi/text-html/-/text-html-7.2.4.tgz#4702cdb97c6a10ca883d004808d45b1517c7129b"
  integrity sha512-0NfLAE/w51ZtatxVqLvDS62iO0VLKsSdctqTAVv4Zlgdk9TKJmX1WUucHJboTvbm2SbDjNDGfZ6qXM5nAslIDQ==

"@pixi/text@7.2.4":
  version "7.2.4"
  resolved "https://registry.yarnpkg.com/@pixi/text/-/text-7.2.4.tgz#b31e7619ba80acee69cd9fb33948d34f1839bc61"
  integrity sha512-DGu7ktpe+zHhqR2sG9NsJt4mgvSObv5EqXTtUxD4Z0li1gmqF7uktpLyn5I6vSg1TTEL4TECClRDClVDGiykWw==

"@pixi/ticker@7.2.4":
  version "7.2.4"
  resolved "https://registry.yarnpkg.com/@pixi/ticker/-/ticker-7.2.4.tgz#5acb761d3b53a1bbb2e34db59eb2a1b0442a8ed8"
  integrity sha512-hQQHIHvGeFsP4GNezZqjzuhUgNQEVgCH9+qU05UX1Mc5UHC9l6OJnY4VTVhhcHxZjA6RnyaY+1zBxCnoXuazpg==
  dependencies:
    "@pixi/extensions" "7.2.4"
    "@pixi/settings" "7.2.4"
    "@pixi/utils" "7.2.4"

"@pixi/utils@7.2.4":
  version "7.2.4"
  resolved "https://registry.yarnpkg.com/@pixi/utils/-/utils-7.2.4.tgz#9f74e859481e3efbb6e54e524427b39a6d99829c"
  integrity sha512-VUGQHBOINIS4ePzoqafwxaGPVRTa3oM/mEutIIHbNGI3b+QvSO+1Dnk40M0zcH6Bo+MxQZbOZK5X/wO9oU5+LQ==
  dependencies:
    "@pixi/color" "7.2.4"
    "@pixi/constants" "7.2.4"
    "@pixi/settings" "7.2.4"
    "@types/earcut" "^2.1.0"
    earcut "^2.2.4"
    eventemitter3 "^4.0.0"
    url "^0.11.0"

"@socket.io/component-emitter@~3.1.0":
  version "3.1.0"
  resolved "https://registry.yarnpkg.com/@socket.io/component-emitter/-/component-emitter-3.1.0.tgz#96116f2a912e0c02817345b3c10751069920d553"
  integrity sha512-+9jVqKhRSpsc591z5vX+X5Yyw+he/HCB4iQ/RYxw35CEPaY1gnsNE43nf9n9AaYjAQrTiI/mOwKUKdUs9vf7Xg==

"@types/cookie@^0.4.1":
  version "0.4.1"
  resolved "https://registry.yarnpkg.com/@types/cookie/-/cookie-0.4.1.tgz#bfd02c1f2224567676c1545199f87c3a861d878d"
  integrity sha512-XW/Aa8APYr6jSVVA1y/DEIZX0/GMKLEVekNG727R8cs56ahETkRAy/3DR7+fJyh7oUgGwNQaRfXCun0+KbWY7Q==

"@types/cors@^2.8.12":
  version "2.8.17"
  resolved "https://registry.yarnpkg.com/@types/cors/-/cors-2.8.17.tgz#5d718a5e494a8166f569d986794e49c48b216b2b"
  integrity sha512-8CGDvrBj1zgo2qE+oS3pOCyYNqCPryMWY2bGfwA0dcfopWGgxs+78df0Rs3rc9THP4JkOhLsAa+15VdpAqkcUA==
  dependencies:
    "@types/node" "*"

"@types/css-font-loading-module@^0.0.7":
  version "0.0.7"
  resolved "https://registry.yarnpkg.com/@types/css-font-loading-module/-/css-font-loading-module-0.0.7.tgz#2f98ede46acc0975de85c0b7b0ebe06041d24601"
  integrity sha512-nl09VhutdjINdWyXxHWN/w9zlNCfr60JUqJbd24YXUuCwgeL0TpFSdElCwb6cxfB6ybE19Gjj4g0jsgkXxKv1Q==

"@types/earcut@^2.1.0":
  version "2.1.4"
  resolved "https://registry.yarnpkg.com/@types/earcut/-/earcut-2.1.4.tgz#5811d7d333048f5a7573b22ddc84923e69596da6"
  integrity sha512-qp3m9PPz4gULB9MhjGID7wpo3gJ4bTGXm7ltNDsmOvsPduTeHp8wSW9YckBj3mljeOh4F0m2z/0JKAALRKbmLQ==

"@types/jquery@^3.5.29":
  version "3.5.29"
  resolved "https://registry.yarnpkg.com/@types/jquery/-/jquery-3.5.29.tgz#3c06a1f519cd5fc3a7a108971436c00685b5dcea"
  integrity sha512-oXQQC9X9MOPRrMhPHHOsXqeQDnWeCDT3PelUIg/Oy8FAbzSZtFHRjc7IpbfFVmpLtJ+UOoywpRsuO5Jxjybyeg==
  dependencies:
    "@types/sizzle" "*"

"@types/node@*", "@types/node@>=10.0.0":
  version "20.11.10"
  resolved "https://registry.yarnpkg.com/@types/node/-/node-20.11.10.tgz#6c3de8974d65c362f82ee29db6b5adf4205462f9"
  integrity sha512-rZEfe/hJSGYmdfX9tvcPMYeYPW2sNl50nsw4jZmRcaG0HIAb0WYEpsB05GOb53vjqpyE9GUhlDQ4jLSoB5q9kg==
  dependencies:
    undici-types "~5.26.4"

"@types/node@20.10.6":
  version "20.10.6"
  resolved "https://registry.yarnpkg.com/@types/node/-/node-20.10.6.tgz#a3ec84c22965802bf763da55b2394424f22bfbb5"
  integrity sha512-Vac8H+NlRNNlAmDfGUP7b5h/KA+AtWIzuXy0E6OyP8f1tCLYAtPvKRRDJjAPqhpCb0t6U2j7/xqAuLEebW2kiw==
  dependencies:
    undici-types "~5.26.4"

"@types/offscreencanvas@^2019.6.4":
  version "2019.7.3"
  resolved "https://registry.yarnpkg.com/@types/offscreencanvas/-/offscreencanvas-2019.7.3.tgz#90267db13f64d6e9ccb5ae3eac92786a7c77a516"
  integrity sha512-ieXiYmgSRXUDeOntE1InxjWyvEelZGP63M+cGuquuRLuIKKT1osnkXjxev9B7d1nXSug5vpunx+gNlbVxMlC9A==

"@types/sizzle@*":
  version "2.3.8"
  resolved "https://registry.yarnpkg.com/@types/sizzle/-/sizzle-2.3.8.tgz#518609aefb797da19bf222feb199e8f653ff7627"
  integrity sha512-0vWLNK2D5MT9dg0iOo8GlKguPAU02QjmZitPEsXRuJXU/OGIOt9vT9Fc26wtYuavLxtO45v9PGleoL9Z0k1LHg==

accepts@~1.3.4:
  version "1.3.8"
  resolved "https://registry.yarnpkg.com/accepts/-/accepts-1.3.8.tgz#0bf0be125b67014adcb0b0921e62db7bffe16b2e"
  integrity sha512-PYAthTa2m2VKxuvSD3DPC/Gy+U+sOA1LAuT8mkmRuvw+NACSaeXEQ+NHcVF7rONl6qcaxV3Uuemwawk+7+SJLw==
  dependencies:
    mime-types "~2.1.34"
    negotiator "0.6.3"

base64id@2.0.0, base64id@~2.0.0:
  version "2.0.0"
  resolved "https://registry.yarnpkg.com/base64id/-/base64id-2.0.0.tgz#2770ac6bc47d312af97a8bf9a634342e0cd25cb6"
  integrity sha512-lGe34o6EHj9y3Kts9R4ZYs/Gr+6N7MCaMlIFA3F1R2O5/m7K06AxfSeO5530PEERE6/WyEg3lsuyw4GHlPZHog==

call-bind@^1.0.0:
  version "1.0.5"
  resolved "https://registry.yarnpkg.com/call-bind/-/call-bind-1.0.5.tgz#6fa2b7845ce0ea49bf4d8b9ef64727a2c2e2e513"
  integrity sha512-C3nQxfFZxFRVoJoGKKI8y3MOEo129NQ+FgQ08iye+Mk4zNZZGdjfs06bVTr+DBSlA66Q2VEcMki/cUCP4SercQ==
  dependencies:
    function-bind "^1.1.2"
    get-intrinsic "^1.2.1"
    set-function-length "^1.1.1"

colord@^2.9.3:
  version "2.9.3"
  resolved "https://registry.yarnpkg.com/colord/-/colord-2.9.3.tgz#4f8ce919de456f1d5c1c368c307fe20f3e59fb43"
  integrity sha512-jeC1axXpnb0/2nn/Y1LPuLdgXBLH7aDcHu4KEKfqw3CUhX7ZpfBSlPKyqXE6btIgEzfWtrX3/tyBCaCvXvMkOw==

cookie@~0.4.1:
  version "0.4.2"
  resolved "https://registry.yarnpkg.com/cookie/-/cookie-0.4.2.tgz#0e41f24de5ecf317947c82fc789e06a884824432"
  integrity sha512-aSWTXFzaKWkvHO1Ny/s+ePFpvKsPnjc551iI41v3ny/ow6tBG5Vd+FuqGNhh1LxOmVzOlGUriIlOaokOvhaStA==

cors@~2.8.5:
  version "2.8.5"
  resolved "https://registry.yarnpkg.com/cors/-/cors-2.8.5.tgz#eac11da51592dd86b9f06f6e7ac293b3df875d29"
  integrity sha512-KIHbLJqu73RGr/hnbrO9uBeixNGuvSQjul/jdFvS/KFSIH1hWVd1ng7zOHx+YrEfInLG7q4n6GHQ9cDtxv/P6g==
  dependencies:
    object-assign "^4"
    vary "^1"

debug@~4.3.1, debug@~4.3.2:
  version "4.3.4"
  resolved "https://registry.yarnpkg.com/debug/-/debug-4.3.4.tgz#1319f6579357f2338d3337d2cdd4914bb5dcc865"
  integrity sha512-PRWFHuSU3eDtQJPvnNY7Jcket1j0t5OuOsFzPPzsekD52Zl8qUfFIPEiswXqIvHWGVHOgX+7G/vCNNhehwxfkQ==
  dependencies:
    ms "2.1.2"

define-data-property@^1.1.1:
  version "1.1.1"
  resolved "https://registry.yarnpkg.com/define-data-property/-/define-data-property-1.1.1.tgz#c35f7cd0ab09883480d12ac5cb213715587800b3"
  integrity sha512-E7uGkTzkk1d0ByLeSc6ZsFS79Axg+m1P/VsgYsxHgiuc3tFSj+MjMIwe90FC4lOAZzNBdY7kkO2P2wKdsQ1vgQ==
  dependencies:
    get-intrinsic "^1.2.1"
    gopd "^1.0.1"
    has-property-descriptors "^1.0.0"

earcut@^2.2.4:
  version "2.2.4"
  resolved "https://registry.yarnpkg.com/earcut/-/earcut-2.2.4.tgz#6d02fd4d68160c114825d06890a92ecaae60343a"
  integrity sha512-/pjZsA1b4RPHbeWZQn66SWS8nZZWLQQ23oE3Eam7aroEFGEvwKAsJfZ9ytiEMycfzXWpca4FA9QIOehf7PocBQ==

engine.io-client@~6.4.0:
  version "6.4.0"
  resolved "https://registry.yarnpkg.com/engine.io-client/-/engine.io-client-6.4.0.tgz#88cd3082609ca86d7d3c12f0e746d12db4f47c91"
  integrity sha512-GyKPDyoEha+XZ7iEqam49vz6auPnNJ9ZBfy89f+rMMas8AuiMWOZ9PVzu8xb9ZC6rafUqiGHSCfu22ih66E+1g==
  dependencies:
    "@socket.io/component-emitter" "~3.1.0"
    debug "~4.3.1"
    engine.io-parser "~5.0.3"
    ws "~8.11.0"
    xmlhttprequest-ssl "~2.0.0"

engine.io-parser@~5.0.3:
  version "5.0.7"
  resolved "https://registry.yarnpkg.com/engine.io-parser/-/engine.io-parser-5.0.7.tgz#ed5eae76c71f398284c578ab6deafd3ba7e4e4f6"
  integrity sha512-P+jDFbvK6lE3n1OL+q9KuzdOFWkkZ/cMV9gol/SbVfpyqfvrfrFTOFJ6fQm2VC3PZHlU3QPhVwmbsCnauHF2MQ==

engine.io@~6.4.2:
  version "6.4.2"
  resolved "https://registry.yarnpkg.com/engine.io/-/engine.io-6.4.2.tgz#ffeaf68f69b1364b0286badddf15ff633476473f"
  integrity sha512-FKn/3oMiJjrOEOeUub2WCox6JhxBXq/Zn3fZOMCBxKnNYtsdKjxhl7yR3fZhM9PV+rdE75SU5SYMc+2PGzo+Tg==
  dependencies:
    "@types/cookie" "^0.4.1"
    "@types/cors" "^2.8.12"
    "@types/node" ">=10.0.0"
    accepts "~1.3.4"
    base64id "2.0.0"
    cookie "~0.4.1"
    cors "~2.8.5"
    debug "~4.3.1"
    engine.io-parser "~5.0.3"
    ws "~8.11.0"

eventemitter3@^4.0.0:
  version "4.0.7"
  resolved "https://registry.yarnpkg.com/eventemitter3/-/eventemitter3-4.0.7.tgz#2de9b68f6528d5644ef5c59526a1b4a07306169f"
  integrity sha512-8guHBZCwKnFhYdHr2ysuRWErTwhoN2X8XELRlrRwpmfeY2jjuUN4taQMsULKUVo1K4DvZl+0pgfyoysHxvmvEw==

function-bind@^1.1.2:
  version "1.1.2"
  resolved "https://registry.yarnpkg.com/function-bind/-/function-bind-1.1.2.tgz#2c02d864d97f3ea6c8830c464cbd11ab6eab7a1c"
  integrity sha512-7XHNxH7qX9xG5mIwxkhumTox/MIRNcOgDrxWsMt2pAr23WHp6MrRlN7FBSFpCpr+oVO0F744iUgR82nJMfG2SA==

get-intrinsic@^1.0.2, get-intrinsic@^1.1.3, get-intrinsic@^1.2.1, get-intrinsic@^1.2.2:
  version "1.2.2"
  resolved "https://registry.yarnpkg.com/get-intrinsic/-/get-intrinsic-1.2.2.tgz#281b7622971123e1ef4b3c90fd7539306da93f3b"
  integrity sha512-0gSo4ml/0j98Y3lngkFEot/zhiCeWsbYIlZ+uZOVgzLyLaUw7wxUL+nCTP0XJvJg1AXulJRI3UJi8GsbDuxdGA==
  dependencies:
    function-bind "^1.1.2"
    has-proto "^1.0.1"
    has-symbols "^1.0.3"
    hasown "^2.0.0"

gopd@^1.0.1:
  version "1.0.1"
  resolved "https://registry.yarnpkg.com/gopd/-/gopd-1.0.1.tgz#29ff76de69dac7489b7c0918a5788e56477c332c"
  integrity sha512-d65bNlIadxvpb/A2abVdlqKqV563juRnZ1Wtk6s1sIR8uNsXR70xqIzVqxVf1eTqDunwT2MkczEeaezCKTZhwA==
  dependencies:
    get-intrinsic "^1.1.3"

gsap@3.11.5:
  version "3.11.5"
  resolved "https://registry.yarnpkg.com/gsap/-/gsap-3.11.5.tgz#97ef65091f43868be387803f9db277e8cd5bd041"
  integrity sha512-Q89nKCLgoX5xUjznh9LcaIUkz54k1voNucT1Rpf9SJNFIQznBwFqt5qUUQbeVInFyN/n18OUJkpeI6CNEDt74w==

has-property-descriptors@^1.0.0, has-property-descriptors@^1.0.1:
  version "1.0.1"
  resolved "https://registry.yarnpkg.com/has-property-descriptors/-/has-property-descriptors-1.0.1.tgz#52ba30b6c5ec87fd89fa574bc1c39125c6f65340"
  integrity sha512-VsX8eaIewvas0xnvinAe9bw4WfIeODpGYikiWYLH+dma0Jw6KHYqWiWfhQlgOVK8D6PvjubK5Uc4P0iIhIcNVg==
  dependencies:
    get-intrinsic "^1.2.2"

has-proto@^1.0.1:
  version "1.0.1"
  resolved "https://registry.yarnpkg.com/has-proto/-/has-proto-1.0.1.tgz#1885c1305538958aff469fef37937c22795408e0"
  integrity sha512-7qE+iP+O+bgF9clE5+UoBFzE65mlBiVj3tKCrlNQ0Ogwm0BjpT/gK4SlLYDMybDh5I3TCTKnPPa0oMG7JDYrhg==

has-symbols@^1.0.3:
  version "1.0.3"
  resolved "https://registry.yarnpkg.com/has-symbols/-/has-symbols-1.0.3.tgz#bb7b2c4349251dce87b125f7bdf874aa7c8b39f8"
  integrity sha512-l3LCuF6MgDNwTDKkdYGEihYjt5pRPbEg46rtlmnSPlUbgmB8LOIrKJbYYFBSbnPaJexMKtiPO8hmeRjRz2Td+A==

hasown@^2.0.0:
  version "2.0.0"
  resolved "https://registry.yarnpkg.com/hasown/-/hasown-2.0.0.tgz#f4c513d454a57b7c7e1650778de226b11700546c"
  integrity sha512-vUptKVTpIJhcczKBbgnS+RtcuYMB8+oNzPK2/Hp3hanz8JmpATdmmgLgSaadVREkDm+e2giHwY3ZRkyjSIDDFA==
  dependencies:
    function-bind "^1.1.2"

ismobilejs@^1.1.0:
  version "1.1.1"
  resolved "https://registry.yarnpkg.com/ismobilejs/-/ismobilejs-1.1.1.tgz#c56ca0ae8e52b24ca0f22ba5ef3215a2ddbbaa0e"
  integrity sha512-VaFW53yt8QO61k2WJui0dHf4SlL8lxBofUuUmwBo0ljPk0Drz2TiuDW4jo3wDcv41qy/SxrJ+VAzJ/qYqsmzRw==

mime-db@1.52.0:
  version "1.52.0"
  resolved "https://registry.yarnpkg.com/mime-db/-/mime-db-1.52.0.tgz#bbabcdc02859f4987301c856e3387ce5ec43bf70"
  integrity sha512-sPU4uV7dYlvtWJxwwxHD0PuihVNiE7TyAbQ5SWxDCB9mUYvOgroQOwYQQOKPJ8CIbE+1ETVlOoK1UC2nU3gYvg==

mime-types@~2.1.34:
  version "2.1.35"
  resolved "https://registry.yarnpkg.com/mime-types/-/mime-types-2.1.35.tgz#381a871b62a734450660ae3deee44813f70d959a"
  integrity sha512-ZDY+bPm5zTTF+YpCrAU9nK0UgICYPT0QtT1NZWFv4s++TNkcgVaT0g6+4R2uI4MjQjzysHB1zxuWL50hzaeXiw==
  dependencies:
    mime-db "1.52.0"

ms@2.1.2:
  version "2.1.2"
  resolved "https://registry.yarnpkg.com/ms/-/ms-2.1.2.tgz#d09d1f357b443f493382a8eb3ccd183872ae6009"
  integrity sha512-sGkPx+VjMtmA6MX27oA4FBFELFCZZ4S4XqeGOXCv68tT+jb3vk/RyaKWP0PTKyWtmLSM0b+adUTEvbs1PEaH2w==

negotiator@0.6.3:
  version "0.6.3"
  resolved "https://registry.yarnpkg.com/negotiator/-/negotiator-0.6.3.tgz#58e323a72fedc0d6f9cd4d31fe49f51479590ccd"
  integrity sha512-+EUsqGPLsM+j/zdChZjsnX51g4XrHFOIXwfnCVPGlQk/k5giakcKsuxCObBRu6DSm9opw/O6slWbJdghQM4bBg==

object-assign@^4:
  version "4.1.1"
  resolved "https://registry.yarnpkg.com/object-assign/-/object-assign-4.1.1.tgz#2109adc7965887cfc05cbbd442cac8bfbb360863"
  integrity sha512-rJgTQnkUnH1sFw8yT6VSU3zD3sWmu6sZhIseY8VX+GRu3P6F7Fu+JNDoXfklElbLJSnc3FUQHVe4cU5hj+BcUg==

object-inspect@^1.9.0:
  version "1.13.1"
  resolved "https://registry.yarnpkg.com/object-inspect/-/object-inspect-1.13.1.tgz#b96c6109324ccfef6b12216a956ca4dc2ff94bc2"
  integrity sha512-5qoj1RUiKOMsCCNLV1CBiPYE10sziTsnmNxkAI/rZhiD63CF7IqdFGC/XzjWjpSgLf0LxXX3bDFIh0E18f6UhQ==

pixi.js@7.2.4:
  version "7.2.4"
  resolved "https://registry.yarnpkg.com/pixi.js/-/pixi.js-7.2.4.tgz#4cd6776bf7f74a6c5e121dd1b59329e66be2ce49"
  integrity sha512-nBH60meoLnHxoMFz17HoMxXS4uJpG5jwIdL+Gx2S11TzWgP3iKF+/WLOTrkSdyuQoQSdIBxVqpnYii0Wiox15A==
  dependencies:
    "@pixi/accessibility" "7.2.4"
    "@pixi/app" "7.2.4"
    "@pixi/assets" "7.2.4"
    "@pixi/compressed-textures" "7.2.4"
    "@pixi/core" "7.2.4"
    "@pixi/display" "7.2.4"
    "@pixi/events" "7.2.4"
    "@pixi/extensions" "7.2.4"
    "@pixi/extract" "7.2.4"
    "@pixi/filter-alpha" "7.2.4"
    "@pixi/filter-blur" "7.2.4"
    "@pixi/filter-color-matrix" "7.2.4"
    "@pixi/filter-displacement" "7.2.4"
    "@pixi/filter-fxaa" "7.2.4"
    "@pixi/filter-noise" "7.2.4"
    "@pixi/graphics" "7.2.4"
    "@pixi/mesh" "7.2.4"
    "@pixi/mesh-extras" "7.2.4"
    "@pixi/mixin-cache-as-bitmap" "7.2.4"
    "@pixi/mixin-get-child-by-name" "7.2.4"
    "@pixi/mixin-get-global-position" "7.2.4"
    "@pixi/particle-container" "7.2.4"
    "@pixi/prepare" "7.2.4"
    "@pixi/sprite" "7.2.4"
    "@pixi/sprite-animated" "7.2.4"
    "@pixi/sprite-tiling" "7.2.4"
    "@pixi/spritesheet" "7.2.4"
    "@pixi/text" "7.2.4"
    "@pixi/text-bitmap" "7.2.4"
    "@pixi/text-html" "7.2.4"

punycode@^1.4.1:
  version "1.4.1"
  resolved "https://registry.yarnpkg.com/punycode/-/punycode-1.4.1.tgz#c0d5a63b2718800ad8e1eb0fa5269c84dd41845e"
  integrity sha512-jmYNElW7yvO7TV33CjSmvSiE2yco3bV2czu/OzDKdMNVZQWfxCblURLhf+47syQRBntjfLdd/H0egrzIG+oaFQ==

qs@^6.11.2:
  version "6.11.2"
  resolved "https://registry.yarnpkg.com/qs/-/qs-6.11.2.tgz#64bea51f12c1f5da1bc01496f48ffcff7c69d7d9"
  integrity sha512-tDNIz22aBzCDxLtVH++VnTfzxlfeK5CbqohpSqpJgj1Wg/cQbStNAz3NuqCs5vV+pjBsK4x4pN9HlVh7rcYRiA==
  dependencies:
    side-channel "^1.0.4"

set-function-length@^1.1.1:
  version "1.2.0"
  resolved "https://registry.yarnpkg.com/set-function-length/-/set-function-length-1.2.0.tgz#2f81dc6c16c7059bda5ab7c82c11f03a515ed8e1"
  integrity sha512-4DBHDoyHlM1IRPGYcoxexgh67y4ueR53FKV1yyxwFMY7aCqcN/38M1+SwZ/qJQ8iLv7+ck385ot4CcisOAPT9w==
  dependencies:
    define-data-property "^1.1.1"
    function-bind "^1.1.2"
    get-intrinsic "^1.2.2"
    gopd "^1.0.1"
    has-property-descriptors "^1.0.1"

side-channel@^1.0.4:
  version "1.0.4"
  resolved "https://registry.yarnpkg.com/side-channel/-/side-channel-1.0.4.tgz#efce5c8fdc104ee751b25c58d4290011fa5ea2cf"
  integrity sha512-q5XPytqFEIKHkGdiMIrY10mvLRvnQh42/+GoBlFW3b2LXLE2xxJpZFdm94we0BaoV3RwJyGqg5wS7epxTv0Zvw==
  dependencies:
    call-bind "^1.0.0"
    get-intrinsic "^1.0.2"
    object-inspect "^1.9.0"

socket.io-adapter@~2.5.2:
  version "2.5.2"
  resolved "https://registry.yarnpkg.com/socket.io-adapter/-/socket.io-adapter-2.5.2.tgz#5de9477c9182fdc171cd8c8364b9a8894ec75d12"
  integrity sha512-87C3LO/NOMc+eMcpcxUBebGjkpMDkNBS9tf7KJqcDsmL936EChtVva71Dw2q4tQcuVC+hAUy4an2NO/sYXmwRA==
  dependencies:
    ws "~8.11.0"

socket.io-client@4.6.2:
  version "4.6.2"
  resolved "https://registry.yarnpkg.com/socket.io-client/-/socket.io-client-4.6.2.tgz#2bfde952e74625d54e622718a7cb1d591ee62fd6"
  integrity sha512-OwWrMbbA8wSqhBAR0yoPK6EdQLERQAYjXb3A0zLpgxfM1ZGLKoxHx8gVmCHA6pcclRX5oA/zvQf7bghAS11jRA==
  dependencies:
    "@socket.io/component-emitter" "~3.1.0"
    debug "~4.3.2"
    engine.io-client "~6.4.0"
    socket.io-parser "~4.2.4"

socket.io-parser@~4.2.4:
  version "4.2.4"
  resolved "https://registry.yarnpkg.com/socket.io-parser/-/socket.io-parser-4.2.4.tgz#c806966cf7270601e47469ddeec30fbdfda44c83"
  integrity sha512-/GbIKmo8ioc+NIWIhwdecY0ge+qVBSMdgxGygevmdHj24bsfgtCmcUUcQ5ZzcylGFHsN3k4HB4Cgkl96KVnuew==
  dependencies:
    "@socket.io/component-emitter" "~3.1.0"
    debug "~4.3.1"

socket.io@4.6.2:
  version "4.6.2"
  resolved "https://registry.yarnpkg.com/socket.io/-/socket.io-4.6.2.tgz#d597db077d4df9cbbdfaa7a9ed8ccc3d49439786"
  integrity sha512-Vp+lSks5k0dewYTfwgPT9UeGGd+ht7sCpB7p0e83VgO4X/AHYWhXITMrNk/pg8syY2bpx23ptClCQuHhqi2BgQ==
  dependencies:
    accepts "~1.3.4"
    base64id "~2.0.0"
    debug "~4.3.2"
    engine.io "~6.4.2"
    socket.io-adapter "~2.5.2"
    socket.io-parser "~4.2.4"

tinymce@6.7.3:
  version "6.7.3"
  resolved "https://registry.yarnpkg.com/tinymce/-/tinymce-6.7.3.tgz#6289c5c7ec7298a84a7890ab866d88a193fa549a"
  integrity sha512-J7WmYIi/gt1RvZ6Ap2oQiUjzAoiS9pfV+d4GnKuZuPu8agmlAEAInNmMvMjfCNBzHv4JnZXY7qlHUAI0IuYQVA==

typescript@^5.3.3:
  version "5.3.3"
  resolved "https://registry.yarnpkg.com/typescript/-/typescript-5.3.3.tgz#b3ce6ba258e72e6305ba66f5c9b452aaee3ffe37"
  integrity sha512-pXWcraxM0uxAS+tN0AG/BF2TyqmHO014Z070UsJ+pFvYuRSq8KH8DmWpnbXe0pEPDHXZV3FcAbJkijJ5oNEnWw==

undici-types@~5.26.4:
  version "5.26.5"
  resolved "https://registry.yarnpkg.com/undici-types/-/undici-types-5.26.5.tgz#bcd539893d00b56e964fd2657a4866b221a65617"
  integrity sha512-JlCMO+ehdEIKqlFxk6IfVoAUVmgz7cU7zD/h9XZ0qzeosSHmUJVOzSQvvYSYWXkFXC+IfLKSIffhv0sVZup6pA==

url@^0.11.0:
  version "0.11.3"
  resolved "https://registry.yarnpkg.com/url/-/url-0.11.3.tgz#6f495f4b935de40ce4a0a52faee8954244f3d3ad"
  integrity sha512-6hxOLGfZASQK/cijlZnZJTq8OXAkt/3YGfQX45vvMYXpZoo8NdWZcY73K108Jf759lS1Bv/8wXnHDTSz17dSRw==
  dependencies:
    punycode "^1.4.1"
    qs "^6.11.2"

vary@^1:
  version "1.1.2"
  resolved "https://registry.yarnpkg.com/vary/-/vary-1.1.2.tgz#2299f02c6ded30d4a5961b0b9f74524a18f634fc"
  integrity sha512-BNGbWLfd0eUPabhkXUVm0j8uuvREyTh5ovRa/dyow/BqAbZJyC+5fU+IzQOzmAKzYqYRAISoRhdQr3eIZ/PXqg==

ws@~8.11.0:
  version "8.11.0"
  resolved "https://registry.yarnpkg.com/ws/-/ws-8.11.0.tgz#6a0d36b8edfd9f96d8b25683db2f8d7de6e8e143"
  integrity sha512-HPG3wQd9sNQoT9xHyNCXoDUa+Xw/VevmY9FoHyQ+g+rrMn4j6FB4np7Z0OhdTgjx6MgQLK7jwSy1YecU1+4Asg==

xmlhttprequest-ssl@~2.0.0:
  version "2.0.0"
  resolved "https://registry.yarnpkg.com/xmlhttprequest-ssl/-/xmlhttprequest-ssl-2.0.0.tgz#91360c86b914e67f44dce769180027c0da618c67"
  integrity sha512-QKxVRxiRACQcVuQEYFsI1hhkrMlrXHPegbbd1yn9UHOmRxY+si12nQYzri3vbzt8VdTTRviqcKxcyllFas5z2A==
